
Microsoft Visual Studio Solution File, Format Version 12.00
# Visual Studio Version 17
VisualStudioVersion = 17.9.34701.34
MinimumVisualStudioVersion = 10.0.40219.1
Project("{FAE04EC0-301F-11D3-BF4B-00C04F79EFBC}") = "TTSound-OO", "TTSound-OO\TTSound-OO.csproj", "{86EADAE9-517C-4790-B1F6-58641DB11756}"
EndProject
Global
	GlobalSection(SolutionConfigurationPlatforms) = preSolution
		Debug|Any CPU = Debug|Any CPU
		Release|Any CPU = Release|Any CPU
	EndGlobalSection
	GlobalSection(ProjectConfigurationPlatforms) = postSolution
		{86EADAE9-517C-4790-B1F6-58641DB11756}.Debug|Any CPU.ActiveCfg = Debug|Any CPU
		{86EADAE9-517C-4790-B1F6-58641DB11756}.Debug|Any CPU.Build.0 = Debug|Any CPU
		{86EADAE9-517C-4790-B1F6-58641DB11756}.Release|Any CPU.ActiveCfg = Release|Any CPU
		{86EADAE9-517C-4790-B1F6-58641DB11756}.Release|Any CPU.Build.0 = Release|Any CPU
	EndGlobalSection
	GlobalSection(SolutionProperties) = preSolution
		HideSolutionNode = FALSE
	EndGlobalSection
	GlobalSection(ExtensibilityGlobals) = postSolution
		SolutionGuid = {AD190015-AE21-44F3-ABAD-3E9EFC25E095}
	EndGlobalSection
EndGlobal
